
Microsoft Visual Studio Solution File, Format Version 12.00
# Visual Studio Version 16
VisualStudioVersion = 16.0.29102.190
MinimumVisualStudioVersion = 10.0.40219.1
Project("{888888A0-9F3D-457C-B088-3A5042F75D52}") = "DjangoWebProject2Users", "DjangoWebProject2Users\DjangoWebProject2Users.pyproj", "{F028737A-290D-41B1-8E14-64F0F3A559A2}"
EndProject
Global
	GlobalSection(SolutionConfigurationPlatforms) = preSolution
		Debug|Any CPU = Debug|Any CPU
		Release|Any CPU = Release|Any CPU
	EndGlobalSection
	GlobalSection(ProjectConfigurationPlatforms) = postSolution
		{F028737A-290D-41B1-8E14-64F0F3A559A2}.Debug|Any CPU.ActiveCfg = Debug|Any CPU
		{F028737A-290D-41B1-8E14-64F0F3A559A2}.Debug|Any CPU.Build.0 = Debug|Any CPU
		{F028737A-290D-41B1-8E14-64F0F3A559A2}.Release|Any CPU.ActiveCfg = Release|Any CPU
		{F028737A-290D-41B1-8E14-64F0F3A559A2}.Release|Any CPU.Build.0 = Release|Any CPU
	EndGlobalSection
	GlobalSection(SolutionProperties) = preSolution
		HideSolutionNode = FALSE
	EndGlobalSection
	GlobalSection(ExtensibilityGlobals) = postSolution
		SolutionGuid = {A1EFFE5A-D565-497E-BDE2-A3439C309C7D}
	EndGlobalSection
EndGlobal
